
Microsoft Visual Studio Solution File, Format Version 12.00
# Visual Studio Version 17
VisualStudioVersion = 17.7.34031.279
MinimumVisualStudioVersion = 10.0.40219.1
Project("{9A19103F-16F7-4668-BE54-9A1E7A4F7556}") = "PCInternetineParduotuve", "PCInternetineParduotuve.csproj", "{C2407F7D-0324-440B-81A9-85EA66C42C1C}"
EndProject
Global
	GlobalSection(SolutionConfigurationPlatforms) = preSolution
		Debug|Any CPU = Debug|Any CPU
		Release|Any CPU = Release|Any CPU
	EndGlobalSection
	GlobalSection(ProjectConfigurationPlatforms) = postSolution
		{C2407F7D-0324-440B-81A9-85EA66C42C1C}.Debug|Any CPU.ActiveCfg = Debug|Any CPU
		{C2407F7D-0324-440B-81A9-85EA66C42C1C}.Debug|Any CPU.Build.0 = Debug|Any CPU
		{C2407F7D-0324-440B-81A9-85EA66C42C1C}.Release|Any CPU.ActiveCfg = Release|Any CPU
		{C2407F7D-0324-440B-81A9-85EA66C42C1C}.Release|Any CPU.Build.0 = Release|Any CPU
	EndGlobalSection
	GlobalSection(SolutionProperties) = preSolution
		HideSolutionNode = FALSE
	EndGlobalSection
	GlobalSection(ExtensibilityGlobals) = postSolution
		SolutionGuid = {22F34402-D79A-47F4-96BE-5FF4276C82EE}
	EndGlobalSection
EndGlobal
